
Microsoft Visual Studio Solution File, Format Version 12.00
# Visual Studio 15
VisualStudioVersion = 15.0.27004.2005
MinimumVisualStudioVersion = 10.0.40219.1
Project("{8BC9CEB8-8B4A-11D0-8D11-00A0C91BC942}") = "Grimorie-Tabuleiro", "Grimorie-Tabuleiro\Grimorie-Tabuleiro.vcxproj", "{C1ACFD0F-CAFA-4E8C-9F90-224163E2ED0B}"
EndProject
Global
	GlobalSection(SolutionConfigurationPlatforms) = preSolution
		Debug|x64 = Debug|x64
		Debug|x86 = Debug|x86
		Release|x64 = Release|x64
		Release|x86 = Release|x86
	EndGlobalSection
	GlobalSection(ProjectConfigurationPlatforms) = postSolution
		{C1ACFD0F-CAFA-4E8C-9F90-224163E2ED0B}.Debug|x64.ActiveCfg = Debug|x64
		{C1ACFD0F-CAFA-4E8C-9F90-224163E2ED0B}.Debug|x64.Build.0 = Debug|x64
		{C1ACFD0F-CAFA-4E8C-9F90-224163E2ED0B}.Debug|x86.ActiveCfg = Debug|Win32
		{C1ACFD0F-CAFA-4E8C-9F90-224163E2ED0B}.Debug|x86.Build.0 = Debug|Win32
		{C1ACFD0F-CAFA-4E8C-9F90-224163E2ED0B}.Release|x64.ActiveCfg = Release|x64
		{C1ACFD0F-CAFA-4E8C-9F90-224163E2ED0B}.Release|x64.Build.0 = Release|x64
		{C1ACFD0F-CAFA-4E8C-9F90-224163E2ED0B}.Release|x86.ActiveCfg = Release|Win32
		{C1ACFD0F-CAFA-4E8C-9F90-224163E2ED0B}.Release|x86.Build.0 = Release|Win32
	EndGlobalSection
	GlobalSection(SolutionProperties) = preSolution
		HideSolutionNode = FALSE
	EndGlobalSection
	GlobalSection(ExtensibilityGlobals) = postSolution
		SolutionGuid = {A443C660-757B-41FD-95A1-560259B8B761}
	EndGlobalSection
EndGlobal
